// !$*UTF8*$!
{
	archiveVersion = 1;
	classes = {
	};
	objectVersion = 46;
	objects = {

/* Begin PBXBuildFile section */
		12569643DC145B1770C2B681 /* Pods_InstagramTests.framework in Frameworks */ = {isa = PBXBuildFile; fileRef = 0728BB981B2CC9AF01543B28 /* Pods_InstagramTests.framework */; };
		8D30018A44611F03C5A10812 /* Pods_Instagram.framework in Frameworks */ = {isa = PBXBuildFile; fileRef = 1B36D5313F6A45F443A83E2F /* Pods_Instagram.framework */; };
		C982CC0D2189F08C0E40996A /* Pods_InstagramUITests.framework in Frameworks */ = {isa = PBXBuildFile; fileRef = C2157A71AD43A559C46D448B /* Pods_InstagramUITests.framework */; };
		E175E5BB1F01C4D10013580C /* LoginViewController.swift in Sources */ = {isa = PBXBuildFile; fileRef = E175E5BA1F01C4D10013580C /* LoginViewController.swift */; };
		E175E5BD1F02FA860013580C /* HomeViewController.swift in Sources */ = {isa = PBXBuildFile; fileRef = E175E5BC1F02FA860013580C /* HomeViewController.swift */; };
		E175E5BF1F02FA930013580C /* CaptureViewController.swift in Sources */ = {isa = PBXBuildFile; fileRef = E175E5BE1F02FA930013580C /* CaptureViewController.swift */; };
		E175E5C11F02FA9B0013580C /* ProfileViewController.swift in Sources */ = {isa = PBXBuildFile; fileRef = E175E5C01F02FA9B0013580C /* ProfileViewController.swift */; };
		E175E5C31F030EA80013580C /* Post.swift in Sources */ = {isa = PBXBuildFile; fileRef = E175E5C21F030EA80013580C /* Post.swift */; };
		E1C995B71F01C10D00164C69 /* AppDelegate.swift in Sources */ = {isa = PBXBuildFile; fileRef = E1C995B61F01C10D00164C69 /* AppDelegate.swift */; };
		E1C995BC1F01C10D00164C69 /* Main.storyboard in Resources */ = {isa = PBXBuildFile; fileRef = E1C995BA1F01C10D00164C69 /* Main.storyboard */; };
		E1C995BE1F01C10D00164C69 /* Assets.xcassets in Resources */ = {isa = PBXBuildFile; fileRef = E1C995BD1F01C10D00164C69 /* Assets.xcassets */; };
		E1C995C11F01C10D00164C69 /* LaunchScreen.storyboard in Resources */ = {isa = PBXBuildFile; fileRef = E1C995BF1F01C10D00164C69 /* LaunchScreen.storyboard */; };
		E1C995CC1F01C10D00164C69 /* InstagramTests.swift in Sources */ = {isa = PBXBuildFile; fileRef = E1C995CB1F01C10D00164C69 /* InstagramTests.swift */; };
		E1C995D71F01C10D00164C69 /* InstagramUITests.swift in Sources */ = {isa = PBXBuildFile; fileRef = E1C995D61F01C10D00164C69 /* InstagramUITests.swift */; };
/* End PBXBuildFile section */

/* Begin PBXContainerItemProxy section */
		E1C995C81F01C10D00164C69 /* PBXContainerItemProxy */ = {
			isa = PBXContainerItemProxy;
			containerPortal = E1C995AB1F01C10D00164C69 /* Project object */;
			proxyType = 1;
			remoteGlobalIDString = E1C995B21F01C10D00164C69;
			remoteInfo = Instagram;
		};
		E1C995D31F01C10D00164C69 /* PBXContainerItemProxy */ = {
			isa = PBXContainerItemProxy;
			containerPortal = E1C995AB1F01C10D00164C69 /* Project object */;
			proxyType = 1;
			remoteGlobalIDString = E1C995B21F01C10D00164C69;
			remoteInfo = Instagram;
		};
/* End PBXContainerItemProxy section */

/* Begin PBXFileReference section */
		0728BB981B2CC9AF01543B28 /* Pods_InstagramTests.framework */ = {isa = PBXFileReference; explicitFileType = wrapper.framework; includeInIndex = 0; path = Pods_InstagramTests.framework; sourceTree = BUILT_PRODUCTS_DIR; };
		1B36D5313F6A45F443A83E2F /* Pods_Instagram.framework */ = {isa = PBXFileReference; explicitFileType = wrapper.framework; includeInIndex = 0; path = Pods_Instagram.framework; sourceTree = BUILT_PRODUCTS_DIR; };
		2438D47B55664DEE6C73CAC7 /* Pods-InstagramUITests.debug.xcconfig */ = {isa = PBXFileReference; includeInIndex = 1; lastKnownFileType = text.xcconfig; name = "Pods-InstagramUITests.debug.xcconfig"; path = "Pods/Target Support Files/Pods-InstagramUITests/Pods-InstagramUITests.debug.xcconfig"; sourceTree = "<group>"; };
		2D63DF5ECA148C821DF9288B /* Pods-InstagramTests.debug.xcconfig */ = {isa = PBXFileReference; includeInIndex = 1; lastKnownFileType = text.xcconfig; name = "Pods-InstagramTests.debug.xcconfig"; path = "Pods/Target Support Files/Pods-InstagramTests/Pods-InstagramTests.debug.xcconfig"; sourceTree = "<group>"; };
		41B60F8EAF96340FC4842014 /* Pods-Instagram.debug.xcconfig */ = {isa = PBXFileReference; includeInIndex = 1; lastKnownFileType = text.xcconfig; name = "Pods-Instagram.debug.xcconfig"; path = "Pods/Target Support Files/Pods-Instagram/Pods-Instagram.debug.xcconfig"; sourceTree = "<group>"; };
		9F0E466472CD87FA465DE58B /* Pods-InstagramTests.release.xcconfig */ = {isa = PBXFileReference; includeInIndex = 1; lastKnownFileType = text.xcconfig; name = "Pods-InstagramTests.release.xcconfig"; path = "Pods/Target Support Files/Pods-InstagramTests/Pods-InstagramTests.release.xcconfig"; sourceTree = "<group>"; };
		B08BF8C8EAF32BF56FED9717 /* Pods-Instagram.release.xcconfig */ = {isa = PBXFileReference; includeInIndex = 1; lastKnownFileType = text.xcconfig; name = "Pods-Instagram.release.xcconfig"; path = "Pods/Target Support Files/Pods-Instagram/Pods-Instagram.release.xcconfig"; sourceTree = "<group>"; };
		C2157A71AD43A559C46D448B /* Pods_InstagramUITests.framework */ = {isa = PBXFileReference; explicitFileType = wrapper.framework; includeInIndex = 0; path = Pods_InstagramUITests.framework; sourceTree = BUILT_PRODUCTS_DIR; };
		CDA236DF63DEC3225BF36B30 /* Pods-InstagramUITests.release.xcconfig */ = {isa = PBXFileReference; includeInIndex = 1; lastKnownFileType = text.xcconfig; name = "Pods-InstagramUITests.release.xcconfig"; path = "Pods/Target Support Files/Pods-InstagramUITests/Pods-InstagramUITests.release.xcconfig"; sourceTree = "<group>"; };
		E175E5BA1F01C4D10013580C /* LoginViewController.swift */ = {isa = PBXFileReference; fileEncoding = 4; lastKnownFileType = sourcecode.swift; path = LoginViewController.swift; sourceTree = "<group>"; };
		E175E5BC1F02FA860013580C /* HomeViewController.swift */ = {isa = PBXFileReference; fileEncoding = 4; lastKnownFileType = sourcecode.swift; path = HomeViewController.swift; sourceTree = "<group>"; };
		E175E5BE1F02FA930013580C /* CaptureViewController.swift */ = {isa = PBXFileReference; fileEncoding = 4; lastKnownFileType = sourcecode.swift; path = CaptureViewController.swift; sourceTree = "<group>"; };
		E175E5C01F02FA9B0013580C /* ProfileViewController.swift */ = {isa = PBXFileReference; fileEncoding = 4; lastKnownFileType = sourcecode.swift; path = ProfileViewController.swift; sourceTree = "<group>"; };
		E175E5C21F030EA80013580C /* Post.swift */ = {isa = PBXFileReference; fileEncoding = 4; lastKnownFileType = sourcecode.swift; path = Post.swift; sourceTree = "<group>"; };
		E1C995B31F01C10D00164C69 /* Instagram.app */ = {isa = PBXFileReference; explicitFileType = wrapper.application; includeInIndex = 0; path = Instagram.app; sourceTree = BUILT_PRODUCTS_DIR; };
		E1C995B61F01C10D00164C69 /* AppDelegate.swift */ = {isa = PBXFileReference; lastKnownFileType = sourcecode.swift; path = AppDelegate.swift; sourceTree = "<group>"; };
		E1C995BB1F01C10D00164C69 /* Base */ = {isa = PBXFileReference; lastKnownFileType = file.storyboard; name = Base; path = Base.lproj/Main.storyboard; sourceTree = "<group>"; };
		E1C995BD1F01C10D00164C69 /* Assets.xcassets */ = {isa = PBXFileReference; lastKnownFileType = folder.assetcatalog; path = Assets.xcassets; sourceTree = "<group>"; };
		E1C995C01F01C10D00164C69 /* Base */ = {isa = PBXFileReference; lastKnownFileType = file.storyboard; name = Base; path = Base.lproj/LaunchScreen.storyboard; sourceTree = "<group>"; };
		E1C995C21F01C10D00164C69 /* Info.plist */ = {isa = PBXFileReference; lastKnownFileType = text.plist.xml; path = Info.plist; sourceTree = "<group>"; };
		E1C995C71F01C10D00164C69 /* InstagramTests.xctest */ = {isa = PBXFileReference; explicitFileType = wrapper.cfbundle; includeInIndex = 0; path = InstagramTests.xctest; sourceTree = BUILT_PRODUCTS_DIR; };
		E1C995CB1F01C10D00164C69 /* InstagramTests.swift */ = {isa = PBXFileReference; lastKnownFileType = sourcecode.swift; path = InstagramTests.swift; sourceTree = "<group>"; };
		E1C995CD1F01C10D00164C69 /* Info.plist */ = {isa = PBXFileReference; lastKnownFileType = text.plist.xml; path = Info.plist; sourceTree = "<group>"; };
		E1C995D21F01C10D00164C69 /* InstagramUITests.xctest */ = {isa = PBXFileReference; explicitFileType = wrapper.cfbundle; includeInIndex = 0; path = InstagramUITests.xctest; sourceTree = BUILT_PRODUCTS_DIR; };
		E1C995D61F01C10D00164C69 /* InstagramUITests.swift */ = {isa = PBXFileReference; lastKnownFileType = sourcecode.swift; path = InstagramUITests.swift; sourceTree = "<group>"; };
		E1C995D81F01C10D00164C69 /* Info.plist */ = {isa = PBXFileReference; lastKnownFileType = text.plist.xml; path = Info.plist; sourceTree = "<group>"; };
/* End PBXFileReference section */

/* Begin PBXFrameworksBuildPhase section */
		E1C995B01F01C10D00164C69 /* Frameworks */ = {
			isa = PBXFrameworksBuildPhase;
			buildActionMask = 2147483647;
			files = (
				8D30018A44611F03C5A10812 /* Pods_Instagram.framework in Frameworks */,
			);
			runOnlyForDeploymentPostprocessing = 0;
		};
		E1C995C41F01C10D00164C69 /* Frameworks */ = {
			isa = PBXFrameworksBuildPhase;
			buildActionMask = 2147483647;
			files = (
				12569643DC145B1770C2B681 /* Pods_InstagramTests.framework in Frameworks */,
			);
			runOnlyForDeploymentPostprocessing = 0;
		};
		E1C995CF1F01C10D00164C69 /* Frameworks */ = {
			isa = PBXFrameworksBuildPhase;
			buildActionMask = 2147483647;
			files = (
				C982CC0D2189F08C0E40996A /* Pods_InstagramUITests.framework in Frameworks */,
			);
			runOnlyForDeploymentPostprocessing = 0;
		};
/* End PBXFrameworksBuildPhase section */

/* Begin PBXGroup section */
		5EC64CE7CDB71FC57C85335D /* Pods */ = {
			isa = PBXGroup;
			children = (
				41B60F8EAF96340FC4842014 /* Pods-Instagram.debug.xcconfig */,
				B08BF8C8EAF32BF56FED9717 /* Pods-Instagram.release.xcconfig */,
				2D63DF5ECA148C821DF9288B /* Pods-InstagramTests.debug.xcconfig */,
				9F0E466472CD87FA465DE58B /* Pods-InstagramTests.release.xcconfig */,
				2438D47B55664DEE6C73CAC7 /* Pods-InstagramUITests.debug.xcconfig */,
				CDA236DF63DEC3225BF36B30 /* Pods-InstagramUITests.release.xcconfig */,
			);
			name = Pods;
			sourceTree = "<group>";
		};
		9EFBF0B019D6FA8E756EB26D /* Frameworks */ = {
			isa = PBXGroup;
			children = (
				1B36D5313F6A45F443A83E2F /* Pods_Instagram.framework */,
				0728BB981B2CC9AF01543B28 /* Pods_InstagramTests.framework */,
				C2157A71AD43A559C46D448B /* Pods_InstagramUITests.framework */,
			);
			name = Frameworks;
			sourceTree = "<group>";
		};
		E1C995AA1F01C10D00164C69 = {
			isa = PBXGroup;
			children = (
				E1C995B51F01C10D00164C69 /* Instagram */,
				E1C995CA1F01C10D00164C69 /* InstagramTests */,
				E1C995D51F01C10D00164C69 /* InstagramUITests */,
				E1C995B41F01C10D00164C69 /* Products */,
				5EC64CE7CDB71FC57C85335D /* Pods */,
				9EFBF0B019D6FA8E756EB26D /* Frameworks */,
			);
			sourceTree = "<group>";
		};
		E1C995B41F01C10D00164C69 /* Products */ = {
			isa = PBXGroup;
			children = (
				E1C995B31F01C10D00164C69 /* Instagram.app */,
				E1C995C71F01C10D00164C69 /* InstagramTests.xctest */,
				E1C995D21F01C10D00164C69 /* InstagramUITests.xctest */,
			);
			name = Products;
			sourceTree = "<group>";
		};
		E1C995B51F01C10D00164C69 /* Instagram */ = {
			isa = PBXGroup;
			children = (
				E1C995B61F01C10D00164C69 /* AppDelegate.swift */,
				E1C995BA1F01C10D00164C69 /* Main.storyboard */,
				E1C995BD1F01C10D00164C69 /* Assets.xcassets */,
				E1C995BF1F01C10D00164C69 /* LaunchScreen.storyboard */,
				E1C995C21F01C10D00164C69 /* Info.plist */,
				E175E5BA1F01C4D10013580C /* LoginViewController.swift */,
				E175E5BC1F02FA860013580C /* HomeViewController.swift */,
				E175E5BE1F02FA930013580C /* CaptureViewController.swift */,
				E175E5C01F02FA9B0013580C /* ProfileViewController.swift */,
				E175E5C21F030EA80013580C /* Post.swift */,
			);
			path = Instagram;
			sourceTree = "<group>";
		};
		E1C995CA1F01C10D00164C69 /* InstagramTests */ = {
			isa = PBXGroup;
			children = (
				E1C995CB1F01C10D00164C69 /* InstagramTests.swift */,
				E1C995CD1F01C10D00164C69 /* Info.plist */,
			);
			path = InstagramTests;
			sourceTree = "<group>";
		};
		E1C995D51F01C10D00164C69 /* InstagramUITests */ = {
			isa = PBXGroup;
			children = (
				E1C995D61F01C10D00164C69 /* InstagramUITests.swift */,
				E1C995D81F01C10D00164C69 /* Info.plist */,
			);
			path = InstagramUITests;
			sourceTree = "<group>";
		};
/* End PBXGroup section */

/* Begin PBXNativeTarget section */
		E1C995B21F01C10D00164C69 /* Instagram */ = {
			isa = PBXNativeTarget;
			buildConfigurationList = E1C995DB1F01C10D00164C69 /* Build configuration list for PBXNativeTarget "Instagram" */;
			buildPhases = (
				1D60C29472E81FC3E69CB495 /* [CP] Check Pods Manifest.lock */,
				E1C995AF1F01C10D00164C69 /* Sources */,
				E1C995B01F01C10D00164C69 /* Frameworks */,
				E1C995B11F01C10D00164C69 /* Resources */,
				86DDE725126BCB6D3F066E01 /* [CP] Embed Pods Frameworks */,
				40BB9C56013F42F7F77C2CCF /* [CP] Copy Pods Resources */,
			);
			buildRules = (
			);
			dependencies = (
			);
			name = Instagram;
			productName = Instagram;
			productReference = E1C995B31F01C10D00164C69 /* Instagram.app */;
			productType = "com.apple.product-type.application";
		};
		E1C995C61F01C10D00164C69 /* InstagramTests */ = {
			isa = PBXNativeTarget;
			buildConfigurationList = E1C995DE1F01C10D00164C69 /* Build configuration list for PBXNativeTarget "InstagramTests" */;
			buildPhases = (
				04A8FF73B1E24BDFBB57C70C /* [CP] Check Pods Manifest.lock */,
				E1C995C31F01C10D00164C69 /* Sources */,
				E1C995C41F01C10D00164C69 /* Frameworks */,
				E1C995C51F01C10D00164C69 /* Resources */,
				3D36641D63E395443CC0811E /* [CP] Embed Pods Frameworks */,
				C9FD9CCD4577D6FEC239E9D7 /* [CP] Copy Pods Resources */,
			);
			buildRules = (
			);
			dependencies = (
				E1C995C91F01C10D00164C69 /* PBXTargetDependency */,
			);
			name = InstagramTests;
			productName = InstagramTests;
			productReference = E1C995C71F01C10D00164C69 /* InstagramTests.xctest */;
			productType = "com.apple.product-type.bundle.unit-test";
		};
		E1C995D11F01C10D00164C69 /* InstagramUITests */ = {
			isa = PBXNativeTarget;
			buildConfigurationList = E1C995E11F01C10D00164C69 /* Build configuration list for PBXNativeTarget "InstagramUITests" */;
			buildPhases = (
				FD13A52C53E101287164703B /* [CP] Check Pods Manifest.lock */,
				E1C995CE1F01C10D00164C69 /* Sources */,
				E1C995CF1F01C10D00164C69 /* Frameworks */,
				E1C995D01F01C10D00164C69 /* Resources */,
				1C346C87BCF98D5E4947D424 /* [CP] Embed Pods Frameworks */,
				60E877CD49CF0E82513CA842 /* [CP] Copy Pods Resources */,
			);
			buildRules = (
			);
			dependencies = (
				E1C995D41F01C10D00164C69 /* PBXTargetDependency */,
			);
			name = InstagramUITests;
			productName = InstagramUITests;
			productReference = E1C995D21F01C10D00164C69 /* InstagramUITests.xctest */;
			productType = "com.apple.product-type.bundle.ui-testing";
		};
/* End PBXNativeTarget section */

/* Begin PBXProject section */
		E1C995AB1F01C10D00164C69 /* Project object */ = {
			isa = PBXProject;
			attributes = {
				LastSwiftUpdateCheck = 0830;
				LastUpgradeCheck = 0830;
				ORGANIZATIONNAME = "Annabel Strauss";
				TargetAttributes = {
					E1C995B21F01C10D00164C69 = {
						CreatedOnToolsVersion = 8.3.2;
						ProvisioningStyle = Automatic;
					};
					E1C995C61F01C10D00164C69 = {
						CreatedOnToolsVersion = 8.3.2;
						ProvisioningStyle = Automatic;
						TestTargetID = E1C995B21F01C10D00164C69;
					};
					E1C995D11F01C10D00164C69 = {
						CreatedOnToolsVersion = 8.3.2;
						ProvisioningStyle = Automatic;
						TestTargetID = E1C995B21F01C10D00164C69;
					};
				};
			};
			buildConfigurationList = E1C995AE1F01C10D00164C69 /* Build configuration list for PBXProject "Instagram" */;
			compatibilityVersion = "Xcode 3.2";
			developmentRegion = English;
			hasScannedForEncodings = 0;
			knownRegions = (
				en,
				Base,
			);
			mainGroup = E1C995AA1F01C10D00164C69;
			productRefGroup = E1C995B41F01C10D00164C69 /* Products */;
			projectDirPath = "";
			projectRoot = "";
			targets = (
				E1C995B21F01C10D00164C69 /* Instagram */,
				E1C995C61F01C10D00164C69 /* InstagramTests */,
				E1C995D11F01C10D00164C69 /* InstagramUITests */,
			);
		};
/* End PBXProject section */

/* Begin PBXResourcesBuildPhase section */
		E1C995B11F01C10D00164C69 /* Resources */ = {
			isa = PBXResourcesBuildPhase;
			buildActionMask = 2147483647;
			files = (
				E1C995C11F01C10D00164C69 /* LaunchScreen.storyboard in Resources */,
				E1C995BE1F01C10D00164C69 /* Assets.xcassets in Resources */,
				E1C995BC1F01C10D00164C69 /* Main.storyboard in Resources */,
			);
			runOnlyForDeploymentPostprocessing = 0;
		};
		E1C995C51F01C10D00164C69 /* Resources */ = {
			isa = PBXResourcesBuildPhase;
			buildActionMask = 2147483647;
			files = (
			);
			runOnlyForDeploymentPostprocessing = 0;
		};
		E1C995D01F01C10D00164C69 /* Resources */ = {
			isa = PBXResourcesBuildPhase;
			buildActionMask = 2147483647;
			files = (
			);
			runOnlyForDeploymentPostprocessing = 0;
		};
/* End PBXResourcesBuildPhase section */

/* Begin PBXShellScriptBuildPhase section */
		04A8FF73B1E24BDFBB57C70C /* [CP] Check Pods Manifest.lock */ = {
			isa = PBXShellScriptBuildPhase;
			buildActionMask = 2147483647;
			files = (
			);
			inputPaths = (
			);
			name = "[CP] Check Pods Manifest.lock";
			outputPaths = (
			);
			runOnlyForDeploymentPostprocessing = 0;
			shellPath = /bin/sh;
			shellScript = "diff \"${PODS_PODFILE_DIR_PATH}/Podfile.lock\" \"${PODS_ROOT}/Manifest.lock\" > /dev/null\nif [ $? != 0 ] ; then\n    # print error to STDERR\n    echo \"error: The sandbox is not in sync with the Podfile.lock. Run 'pod install' or update your CocoaPods installation.\" >&2\n    exit 1\nfi\n";
			showEnvVarsInLog = 0;
		};
		1C346C87BCF98D5E4947D424 /* [CP] Embed Pods Frameworks */ = {
			isa = PBXShellScriptBuildPhase;
			buildActionMask = 2147483647;
			files = (
			);
			inputPaths = (
			);
			name = "[CP] Embed Pods Frameworks";
			outputPaths = (
			);
			runOnlyForDeploymentPostprocessing = 0;
			shellPath = /bin/sh;
			shellScript = "\"${SRCROOT}/Pods/Target Support Files/Pods-InstagramUITests/Pods-InstagramUITests-frameworks.sh\"\n";
			showEnvVarsInLog = 0;
		};
		1D60C29472E81FC3E69CB495 /* [CP] Check Pods Manifest.lock */ = {
			isa = PBXShellScriptBuildPhase;
			buildActionMask = 2147483647;
			files = (
			);
			inputPaths = (
			);
			name = "[CP] Check Pods Manifest.lock";
			outputPaths = (
			);
			runOnlyForDeploymentPostprocessing = 0;
			shellPath = /bin/sh;
			shellScript = "diff \"${PODS_PODFILE_DIR_PATH}/Podfile.lock\" \"${PODS_ROOT}/Manifest.lock\" > /dev/null\nif [ $? != 0 ] ; then\n    # print error to STDERR\n    echo \"error: The sandbox is not in sync with the Podfile.lock. Run 'pod install' or update your CocoaPods installation.\" >&2\n    exit 1\nfi\n";
			showEnvVarsInLog = 0;
		};
		3D36641D63E395443CC0811E /* [CP] Embed Pods Frameworks */ = {
			isa = PBXShellScriptBuildPhase;
			buildActionMask = 2147483647;
			files = (
			);
			inputPaths = (
			);
			name = "[CP] Embed Pods Frameworks";
			outputPaths = (
			);
			runOnlyForDeploymentPostprocessing = 0;
			shellPath = /bin/sh;
			shellScript = "\"${SRCROOT}/Pods/Target Support Files/Pods-InstagramTests/Pods-InstagramTests-frameworks.sh\"\n";
			showEnvVarsInLog = 0;
		};
		40BB9C56013F42F7F77C2CCF /* [CP] Copy Pods Resources */ = {
			isa = PBXShellScriptBuildPhase;
			buildActionMask = 2147483647;
			files = (
			);
			inputPaths = (
			);
			name = "[CP] Copy Pods Resources";
			outputPaths = (
			);
			runOnlyForDeploymentPostprocessing = 0;
			shellPath = /bin/sh;
			shellScript = "\"${SRCROOT}/Pods/Target Support Files/Pods-Instagram/Pods-Instagram-resources.sh\"\n";
			showEnvVarsInLog = 0;
		};
		60E877CD49CF0E82513CA842 /* [CP] Copy Pods Resources */ = {
			isa = PBXShellScriptBuildPhase;
			buildActionMask = 2147483647;
			files = (
			);
			inputPaths = (
			);
			name = "[CP] Copy Pods Resources";
			outputPaths = (
			);
			runOnlyForDeploymentPostprocessing = 0;
			shellPath = /bin/sh;
			shellScript = "\"${SRCROOT}/Pods/Target Support Files/Pods-InstagramUITests/Pods-InstagramUITests-resources.sh\"\n";
			showEnvVarsInLog = 0;
		};
		86DDE725126BCB6D3F066E01 /* [CP] Embed Pods Frameworks */ = {
			isa = PBXShellScriptBuildPhase;
			buildActionMask = 2147483647;
			files = (
			);
			inputPaths = (
			);
			name = "[CP] Embed Pods Frameworks";
			outputPaths = (
			);
			runOnlyForDeploymentPostprocessing = 0;
			shellPath = /bin/sh;
			shellScript = "\"${SRCROOT}/Pods/Target Support Files/Pods-Instagram/Pods-Instagram-frameworks.sh\"\n";
			showEnvVarsInLog = 0;
		};
		C9FD9CCD4577D6FEC239E9D7 /* [CP] Copy Pods Resources */ = {
			isa = PBXShellScriptBuildPhase;
			buildActionMask = 2147483647;
			files = (
			);
			inputPaths = (
			);
			name = "[CP] Copy Pods Resources";
			outputPaths = (
			);
			runOnlyForDeploymentPostprocessing = 0;
			shellPath = /bin/sh;
			shellScript = "\"${SRCROOT}/Pods/Target Support Files/Pods-InstagramTests/Pods-InstagramTests-resources.sh\"\n";
			showEnvVarsInLog = 0;
		};
		FD13A52C53E101287164703B /* [CP] Check Pods Manifest.lock */ = {
			isa = PBXShellScriptBuildPhase;
			buildActionMask = 2147483647;
			files = (
			);
			inputPaths = (
			);
			name = "[CP] Check Pods Manifest.lock";
			outputPaths = (
			);
			runOnlyForDeploymentPostprocessing = 0;
			shellPath = /bin/sh;
			shellScript = "diff \"${PODS_PODFILE_DIR_PATH}/Podfile.lock\" \"${PODS_ROOT}/Manifest.lock\" > /dev/null\nif [ $? != 0 ] ; then\n    # print error to STDERR\n    echo \"error: The sandbox is not in sync with the Podfile.lock. Run 'pod install' or update your CocoaPods installation.\" >&2\n    exit 1\nfi\n";
			showEnvVarsInLog = 0;
		};
/* End PBXShellScriptBuildPhase section */

/* Begin PBXSourcesBuildPhase section */
		E1C995AF1F01C10D00164C69 /* Sources */ = {
			isa = PBXSourcesBuildPhase;
			buildActionMask = 2147483647;
			files = (
				E175E5BB1F01C4D10013580C /* LoginViewController.swift in Sources */,
				E175E5BF1F02FA930013580C /* CaptureViewController.swift in Sources */,
				E175E5C11F02FA9B0013580C /* ProfileViewController.swift in Sources */,
				E175E5C31F030EA80013580C /* Post.swift in Sources */,
				E1C995B71F01C10D00164C69 /* AppDelegate.swift in Sources */,
				E175E5BD1F02FA860013580C /* HomeViewController.swift in Sources */,
			);
			runOnlyForDeploymentPostprocessing = 0;
		};
		E1C995C31F01C10D00164C69 /* Sources */ = {
			isa = PBXSourcesBuildPhase;
			buildActionMask = 2147483647;
			files = (
				E1C995CC1F01C10D00164C69 /* InstagramTests.swift in Sources */,
			);
			runOnlyForDeploymentPostprocessing = 0;
		};
		E1C995CE1F01C10D00164C69 /* Sources */ = {
			isa = PBXSourcesBuildPhase;
			buildActionMask = 2147483647;
			files = (
				E1C995D71F01C10D00164C69 /* InstagramUITests.swift in Sources */,
			);
			runOnlyForDeploymentPostprocessing = 0;
		};
/* End PBXSourcesBuildPhase section */

/* Begin PBXTargetDependency section */
		E1C995C91F01C10D00164C69 /* PBXTargetDependency */ = {
			isa = PBXTargetDependency;
			target = E1C995B21F01C10D00164C69 /* Instagram */;
			targetProxy = E1C995C81F01C10D00164C69 /* PBXContainerItemProxy */;
		};
		E1C995D41F01C10D00164C69 /* PBXTargetDependency */ = {
			isa = PBXTargetDependency;
			target = E1C995B21F01C10D00164C69 /* Instagram */;
			targetProxy = E1C995D31F01C10D00164C69 /* PBXContainerItemProxy */;
		};
/* End PBXTargetDependency section */

/* Begin PBXVariantGroup section */
		E1C995BA1F01C10D00164C69 /* Main.storyboard */ = {
			isa = PBXVariantGroup;
			children = (
				E1C995BB1F01C10D00164C69 /* Base */,
			);
			name = Main.storyboard;
			sourceTree = "<group>";
		};
		E1C995BF1F01C10D00164C69 /* LaunchScreen.storyboard */ = {
			isa = PBXVariantGroup;
			children = (
				E1C995C01F01C10D00164C69 /* Base */,
			);
			name = LaunchScreen.storyboard;
			sourceTree = "<group>";
		};
/* End PBXVariantGroup section */

/* Begin XCBuildConfiguration section */
		E1C995D91F01C10D00164C69 /* Debug */ = {
			isa = XCBuildConfiguration;
			buildSettings = {
				ALWAYS_SEARCH_USER_PATHS = NO;
				CLANG_ANALYZER_NONNULL = YES;
				CLANG_ANALYZER_NUMBER_OBJECT_CONVERSION = YES_AGGRESSIVE;
				CLANG_CXX_LANGUAGE_STANDARD = "gnu++0x";
				CLANG_CXX_LIBRARY = "libc++";
				CLANG_ENABLE_MODULES = YES;
				CLANG_ENABLE_OBJC_ARC = YES;
				CLANG_WARN_BOOL_CONVERSION = YES;
				CLANG_WARN_CONSTANT_CONVERSION = YES;
				CLANG_WARN_DIRECT_OBJC_ISA_USAGE = YES_ERROR;
				CLANG_WARN_DOCUMENTATION_COMMENTS = YES;
				CLANG_WARN_EMPTY_BODY = YES;
				CLANG_WARN_ENUM_CONVERSION = YES;
				CLANG_WARN_INFINITE_RECURSION = YES;
				CLANG_WARN_INT_CONVERSION = YES;
				CLANG_WARN_OBJC_ROOT_CLASS = YES_ERROR;
				CLANG_WARN_SUSPICIOUS_MOVE = YES;
				CLANG_WARN_UNREACHABLE_CODE = YES;
				CLANG_WARN__DUPLICATE_METHOD_MATCH = YES;
				"CODE_SIGN_IDENTITY[sdk=iphoneos*]" = "iPhone Developer";
				COPY_PHASE_STRIP = NO;
				DEBUG_INFORMATION_FORMAT = dwarf;
				ENABLE_STRICT_OBJC_MSGSEND = YES;
				ENABLE_TESTABILITY = YES;
				GCC_C_LANGUAGE_STANDARD = gnu99;
				GCC_DYNAMIC_NO_PIC = NO;
				GCC_NO_COMMON_BLOCKS = YES;
				GCC_OPTIMIZATION_LEVEL = 0;
				GCC_PREPROCESSOR_DEFINITIONS = (
					"DEBUG=1",
					"$(inherited)",
				);
				GCC_WARN_64_TO_32_BIT_CONVERSION = YES;
				GCC_WARN_ABOUT_RETURN_TYPE = YES_ERROR;
				GCC_WARN_UNDECLARED_SELECTOR = YES;
				GCC_WARN_UNINITIALIZED_AUTOS = YES_AGGRESSIVE;
				GCC_WARN_UNUSED_FUNCTION = YES;
				GCC_WARN_UNUSED_VARIABLE = YES;
				IPHONEOS_DEPLOYMENT_TARGET = 10.3;
				MTL_ENABLE_DEBUG_INFO = YES;
				ONLY_ACTIVE_ARCH = YES;
				SDKROOT = iphoneos;
				SWIFT_ACTIVE_COMPILATION_CONDITIONS = DEBUG;
				SWIFT_OPTIMIZATION_LEVEL = "-Onone";
			};
			name = Debug;
		};
		E1C995DA1F01C10D00164C69 /* Release */ = {
			isa = XCBuildConfiguration;
			buildSettings = {
				ALWAYS_SEARCH_USER_PATHS = NO;
				CLANG_ANALYZER_NONNULL = YES;
				CLANG_ANALYZER_NUMBER_OBJECT_CONVERSION = YES_AGGRESSIVE;
				CLANG_CXX_LANGUAGE_STANDARD = "gnu++0x";
				CLANG_CXX_LIBRARY = "libc++";
				CLANG_ENABLE_MODULES = YES;
				CLANG_ENABLE_OBJC_ARC = YES;
				CLANG_WARN_BOOL_CONVERSION = YES;
				CLANG_WARN_CONSTANT_CONVERSION = YES;
				CLANG_WARN_DIRECT_OBJC_ISA_USAGE = YES_ERROR;
				CLANG_WARN_DOCUMENTATION_COMMENTS = YES;
				CLANG_WARN_EMPTY_BODY = YES;
				CLANG_WARN_ENUM_CONVERSION = YES;
				CLANG_WARN_INFINITE_RECURSION = YES;
				CLANG_WARN_INT_CONVERSION = YES;
				CLANG_WARN_OBJC_ROOT_CLASS = YES_ERROR;
				CLANG_WARN_SUSPICIOUS_MOVE = YES;
				CLANG_WARN_UNREACHABLE_CODE = YES;
				CLANG_WARN__DUPLICATE_METHOD_MATCH = YES;
				"CODE_SIGN_IDENTITY[sdk=iphoneos*]" = "iPhone Developer";
				COPY_PHASE_STRIP = NO;
				DEBUG_INFORMATION_FORMAT = "dwarf-with-dsym";
				ENABLE_NS_ASSERTIONS = NO;
				ENABLE_STRICT_OBJC_MSGSEND = YES;
				GCC_C_LANGUAGE_STANDARD = gnu99;
				GCC_NO_COMMON_BLOCKS = YES;
				GCC_WARN_64_TO_32_BIT_CONVERSION = YES;
				GCC_WARN_ABOUT_RETURN_TYPE = YES_ERROR;
				GCC_WARN_UNDECLARED_SELECTOR = YES;
				GCC_WARN_UNINITIALIZED_AUTOS = YES_AGGRESSIVE;
				GCC_WARN_UNUSED_FUNCTION = YES;
				GCC_WARN_UNUSED_VARIABLE = YES;
				IPHONEOS_DEPLOYMENT_TARGET = 10.3;
				MTL_ENABLE_DEBUG_INFO = NO;
				SDKROOT = iphoneos;
				SWIFT_OPTIMIZATION_LEVEL = "-Owholemodule";
				VALIDATE_PRODUCT = YES;
			};
			name = Release;
		};
		E1C995DC1F01C10D00164C69 /* Debug */ = {
			isa = XCBuildConfiguration;
			baseConfigurationReference = 41B60F8EAF96340FC4842014 /* Pods-Instagram.debug.xcconfig */;
			buildSettings = {
				ASSETCATALOG_COMPILER_APPICON_NAME = AppIcon;
				INFOPLIST_FILE = Instagram/Info.plist;
				LD_RUNPATH_SEARCH_PATHS = "$(inherited) @executable_path/Frameworks";
				PRODUCT_BUNDLE_IDENTIFIER = com.annabel.Instagram;
				PRODUCT_NAME = "$(TARGET_NAME)";
				SWIFT_VERSION = 3.0;
			};
			name = Debug;
		};
		E1C995DD1F01C10D00164C69 /* Release */ = {
			isa = XCBuildConfiguration;
			baseConfigurationReference = B08BF8C8EAF32BF56FED9717 /* Pods-Instagram.release.xcconfig */;
			buildSettings = {
				ASSETCATALOG_COMPILER_APPICON_NAME = AppIcon;
				INFOPLIST_FILE = Instagram/Info.plist;
				LD_RUNPATH_SEARCH_PATHS = "$(inherited) @executable_path/Frameworks";
				PRODUCT_BUNDLE_IDENTIFIER = com.annabel.Instagram;
				PRODUCT_NAME = "$(TARGET_NAME)";
				SWIFT_VERSION = 3.0;
			};
			name = Release;
		};
		E1C995DF1F01C10D00164C69 /* Debug */ = {
			isa = XCBuildConfiguration;
			baseConfigurationReference = 2D63DF5ECA148C821DF9288B /* Pods-InstagramTests.debug.xcconfig */;
			buildSettings = {
				ALWAYS_EMBED_SWIFT_STANDARD_LIBRARIES = YES;
				BUNDLE_LOADER = "$(TEST_HOST)";
				INFOPLIST_FILE = InstagramTests/Info.plist;
				LD_RUNPATH_SEARCH_PATHS = "$(inherited) @executable_path/Frameworks @loader_path/Frameworks";
				PRODUCT_BUNDLE_IDENTIFIER = com.annabel.InstagramTests;
				PRODUCT_NAME = "$(TARGET_NAME)";
				SWIFT_VERSION = 3.0;
				TEST_HOST = "$(BUILT_PRODUCTS_DIR)/Instagram.app/Instagram";
			};
			name = Debug;
		};
		E1C995E01F01C10D00164C69 /* Release */ = {
			isa = XCBuildConfiguration;
			baseConfigurationReference = 9F0E466472CD87FA465DE58B /* Pods-InstagramTests.release.xcconfig */;
			buildSettings = {
				ALWAYS_EMBED_SWIFT_STANDARD_LIBRARIES = YES;
				BUNDLE_LOADER = "$(TEST_HOST)";
				INFOPLIST_FILE = InstagramTests/Info.plist;
				LD_RUNPATH_SEARCH_PATHS = "$(inherited) @executable_path/Frameworks @loader_path/Frameworks";
				PRODUCT_BUNDLE_IDENTIFIER = com.annabel.InstagramTests;
				PRODUCT_NAME = "$(TARGET_NAME)";
				SWIFT_VERSION = 3.0;
				TEST_HOST = "$(BUILT_PRODUCTS_DIR)/Instagram.app/Instagram";
			};
			name = Release;
		};
		E1C995E21F01C10D00164C69 /* Debug */ = {
			isa = XCBuildConfiguration;
			baseConfigurationReference = 2438D47B55664DEE6C73CAC7 /* Pods-InstagramUITests.debug.xcconfig */;
			buildSettings = {
				ALWAYS_EMBED_SWIFT_STANDARD_LIBRARIES = YES;
				INFOPLIST_FILE = InstagramUITests/Info.plist;
				LD_RUNPATH_SEARCH_PATHS = "$(inherited) @executable_path/Frameworks @loader_path/Frameworks";
				PRODUCT_BUNDLE_IDENTIFIER = com.annabel.InstagramUITests;
				PRODUCT_NAME = "$(TARGET_NAME)";
				SWIFT_VERSION = 3.0;
				TEST_TARGET_NAME = Instagram;
			};
			name = Debug;
		};
		E1C995E31F01C10D00164C69 /* Release */ = {
			isa = XCBuildConfiguration;
			baseConfigurationReference = CDA236DF63DEC3225BF36B30 /* Pods-InstagramUITests.release.xcconfig */;
			buildSettings = {
				ALWAYS_EMBED_SWIFT_STANDARD_LIBRARIES = YES;
				INFOPLIST_FILE = InstagramUITests/Info.plist;
				LD_RUNPATH_SEARCH_PATHS = "$(inherited) @executable_path/Frameworks @loader_path/Frameworks";
				PRODUCT_BUNDLE_IDENTIFIER = com.annabel.InstagramUITests;
				PRODUCT_NAME = "$(TARGET_NAME)";
				SWIFT_VERSION = 3.0;
				TEST_TARGET_NAME = Instagram;
			};
			name = Release;
		};
/* End XCBuildConfiguration section */

/* Begin XCConfigurationList section */
		E1C995AE1F01C10D00164C69 /* Build configuration list for PBXProject "Instagram" */ = {
			isa = XCConfigurationList;
			buildConfigurations = (
				E1C995D91F01C10D00164C69 /* Debug */,
				E1C995DA1F01C10D00164C69 /* Release */,
			);
			defaultConfigurationIsVisible = 0;
			defaultConfigurationName = Release;
		};
		E1C995DB1F01C10D00164C69 /* Build configuration list for PBXNativeTarget "Instagram" */ = {
			isa = XCConfigurationList;
			buildConfigurations = (
				E1C995DC1F01C10D00164C69 /* Debug */,
				E1C995DD1F01C10D00164C69 /* Release */,
			);
			defaultConfigurationIsVisible = 0;
			defaultConfigurationName = Release;
		};
		E1C995DE1F01C10D00164C69 /* Build configuration list for PBXNativeTarget "InstagramTests" */ = {
			isa = XCConfigurationList;
			buildConfigurations = (
				E1C995DF1F01C10D00164C69 /* Debug */,
				E1C995E01F01C10D00164C69 /* Release */,
			);
			defaultConfigurationIsVisible = 0;
			defaultConfigurationName = Release;
		};
		E1C995E11F01C10D00164C69 /* Build configuration list for PBXNativeTarget "InstagramUITests" */ = {
			isa = XCConfigurationList;
			buildConfigurations = (
				E1C995E21F01C10D00164C69 /* Debug */,
				E1C995E31F01C10D00164C69 /* Release */,
			);
			defaultConfigurationIsVisible = 0;
			defaultConfigurationName = Release;
		};
/* End XCConfigurationList section */
	};
	rootObject = E1C995AB1F01C10D00164C69 /* Project object */;
}
